// !$*UTF8*$!
{
	archiveVersion = 1;
	classes = {
	};
	objectVersion = 48;
	objects = {

/* Begin PBXBuildFile section */
		21651C9F2080C0FC0010F78F /* AppDelegate.m in Sources */ = {isa = PBXBuildFile; fileRef = 21651C9E2080C0FC0010F78F /* AppDelegate.m */; };
		21651CA22080C0FC0010F78F /* ViewController.m in Sources */ = {isa = PBXBuildFile; fileRef = 21651CA12080C0FC0010F78F /* ViewController.m */; };
		21651CA52080C0FC0010F78F /* Main.storyboard in Resources */ = {isa = PBXBuildFile; fileRef = 21651CA32080C0FC0010F78F /* Main.storyboard */; };
		21651CA72080C0FC0010F78F /* Assets.xcassets in Resources */ = {isa = PBXBuildFile; fileRef = 21651CA62080C0FC0010F78F /* Assets.xcassets */; };
		21651CAA2080C0FC0010F78F /* LaunchScreen.storyboard in Resources */ = {isa = PBXBuildFile; fileRef = 21651CA82080C0FC0010F78F /* LaunchScreen.storyboard */; };
		21651CAD2080C0FC0010F78F /* main.m in Sources */ = {isa = PBXBuildFile; fileRef = 21651CAC2080C0FC0010F78F /* main.m */; };
		21B6ED55217B17BE00304260 /* ZQPlayerLandSpaceViewController.m in Sources */ = {isa = PBXBuildFile; fileRef = 21B6ED54217B17BE00304260 /* ZQPlayerLandSpaceViewController.m */; };
		21D3093421799C0100357794 /* ZQPlayerImage.bundle in Resources */ = {isa = PBXBuildFile; fileRef = 21D3092F21799C0000357794 /* ZQPlayerImage.bundle */; };
		21D3093521799C0100357794 /* ZQPlayer.m in Sources */ = {isa = PBXBuildFile; fileRef = 21D3093221799C0000357794 /* ZQPlayer.m */; };
		21D3093621799C0100357794 /* ZQPlayerMaskView.m in Sources */ = {isa = PBXBuildFile; fileRef = 21D3093321799C0000357794 /* ZQPlayerMaskView.m */; };
		90F251221E4CF1A0D31E95D2 /* libPods-ZQVideoPlayer.a in Frameworks */ = {isa = PBXBuildFile; fileRef = 22EA8D3502EE7D806BA1EA3D /* libPods-ZQVideoPlayer.a */; };
/* End PBXBuildFile section */

/* Begin PBXFileReference section */
		09551A87A0D635C32FAAF1C7 /* Pods-ZQVideoPlayer.release.xcconfig */ = {isa = PBXFileReference; includeInIndex = 1; lastKnownFileType = text.xcconfig; name = "Pods-ZQVideoPlayer.release.xcconfig"; path = "Pods/Target Support Files/Pods-ZQVideoPlayer/Pods-ZQVideoPlayer.release.xcconfig"; sourceTree = "<group>"; };
		21651C9A2080C0FC0010F78F /* ZQVideoPlayer.app */ = {isa = PBXFileReference; explicitFileType = wrapper.application; includeInIndex = 0; path = ZQVideoPlayer.app; sourceTree = BUILT_PRODUCTS_DIR; };
		21651C9D2080C0FC0010F78F /* AppDelegate.h */ = {isa = PBXFileReference; lastKnownFileType = sourcecode.c.h; path = AppDelegate.h; sourceTree = "<group>"; };
		21651C9E2080C0FC0010F78F /* AppDelegate.m */ = {isa = PBXFileReference; lastKnownFileType = sourcecode.c.objc; path = AppDelegate.m; sourceTree = "<group>"; };
		21651CA02080C0FC0010F78F /* ViewController.h */ = {isa = PBXFileReference; lastKnownFileType = sourcecode.c.h; path = ViewController.h; sourceTree = "<group>"; };
		21651CA12080C0FC0010F78F /* ViewController.m */ = {isa = PBXFileReference; lastKnownFileType = sourcecode.c.objc; path = ViewController.m; sourceTree = "<group>"; };
		21651CA42080C0FC0010F78F /* Base */ = {isa = PBXFileReference; lastKnownFileType = file.storyboard; name = Base; path = Base.lproj/Main.storyboard; sourceTree = "<group>"; };
		21651CA62080C0FC0010F78F /* Assets.xcassets */ = {isa = PBXFileReference; lastKnownFileType = folder.assetcatalog; path = Assets.xcassets; sourceTree = "<group>"; };
		21651CA92080C0FC0010F78F /* Base */ = {isa = PBXFileReference; lastKnownFileType = file.storyboard; name = Base; path = Base.lproj/LaunchScreen.storyboard; sourceTree = "<group>"; };
		21651CAB2080C0FC0010F78F /* Info.plist */ = {isa = PBXFileReference; lastKnownFileType = text.plist.xml; path = Info.plist; sourceTree = "<group>"; };
		21651CAC2080C0FC0010F78F /* main.m */ = {isa = PBXFileReference; lastKnownFileType = sourcecode.c.objc; path = main.m; sourceTree = "<group>"; };
		21B6ED53217B17BE00304260 /* ZQPlayerLandSpaceViewController.h */ = {isa = PBXFileReference; lastKnownFileType = sourcecode.c.h; path = ZQPlayerLandSpaceViewController.h; sourceTree = "<group>"; };
		21B6ED54217B17BE00304260 /* ZQPlayerLandSpaceViewController.m */ = {isa = PBXFileReference; lastKnownFileType = sourcecode.c.objc; path = ZQPlayerLandSpaceViewController.m; sourceTree = "<group>"; };
		21D3092F21799C0000357794 /* ZQPlayerImage.bundle */ = {isa = PBXFileReference; lastKnownFileType = "wrapper.plug-in"; path = ZQPlayerImage.bundle; sourceTree = "<group>"; };
		21D3093021799C0000357794 /* ZQPlayer.h */ = {isa = PBXFileReference; fileEncoding = 4; lastKnownFileType = sourcecode.c.h; path = ZQPlayer.h; sourceTree = "<group>"; };
		21D3093121799C0000357794 /* ZQPlayerMaskView.h */ = {isa = PBXFileReference; fileEncoding = 4; lastKnownFileType = sourcecode.c.h; path = ZQPlayerMaskView.h; sourceTree = "<group>"; };
		21D3093221799C0000357794 /* ZQPlayer.m */ = {isa = PBXFileReference; fileEncoding = 4; lastKnownFileType = sourcecode.c.objc; path = ZQPlayer.m; sourceTree = "<group>"; };
		21D3093321799C0000357794 /* ZQPlayerMaskView.m */ = {isa = PBXFileReference; fileEncoding = 4; lastKnownFileType = sourcecode.c.objc; path = ZQPlayerMaskView.m; sourceTree = "<group>"; };
		22EA8D3502EE7D806BA1EA3D /* libPods-ZQVideoPlayer.a */ = {isa = PBXFileReference; explicitFileType = archive.ar; includeInIndex = 0; path = "libPods-ZQVideoPlayer.a"; sourceTree = BUILT_PRODUCTS_DIR; };
		90353161F45405F53BBFCFEC /* Pods-ZQVideoPlayer.debug.xcconfig */ = {isa = PBXFileReference; includeInIndex = 1; lastKnownFileType = text.xcconfig; name = "Pods-ZQVideoPlayer.debug.xcconfig"; path = "Pods/Target Support Files/Pods-ZQVideoPlayer/Pods-ZQVideoPlayer.debug.xcconfig"; sourceTree = "<group>"; };
/* End PBXFileReference section */

/* Begin PBXFrameworksBuildPhase section */
		21651C972080C0FC0010F78F /* Frameworks */ = {
			isa = PBXFrameworksBuildPhase;
			buildActionMask = 2147483647;
			files = (
				90F251221E4CF1A0D31E95D2 /* libPods-ZQVideoPlayer.a in Frameworks */,
			);
			runOnlyForDeploymentPostprocessing = 0;
		};
/* End PBXFrameworksBuildPhase section */

/* Begin PBXGroup section */
		1B5DEC0D6536229C9179AEAC /* Pods */ = {
			isa = PBXGroup;
			children = (
				90353161F45405F53BBFCFEC /* Pods-ZQVideoPlayer.debug.xcconfig */,
				09551A87A0D635C32FAAF1C7 /* Pods-ZQVideoPlayer.release.xcconfig */,
			);
			name = Pods;
			sourceTree = "<group>";
		};
		21651C912080C0FC0010F78F = {
			isa = PBXGroup;
			children = (
				21651C9C2080C0FC0010F78F /* ZQVideoPlayer */,
				21651C9B2080C0FC0010F78F /* Products */,
				1B5DEC0D6536229C9179AEAC /* Pods */,
				71C2FCA7874B1507FA3A9CEE /* Frameworks */,
			);
			sourceTree = "<group>";
		};
		21651C9B2080C0FC0010F78F /* Products */ = {
			isa = PBXGroup;
			children = (
				21651C9A2080C0FC0010F78F /* ZQVideoPlayer.app */,
			);
			name = Products;
			sourceTree = "<group>";
		};
		21651C9C2080C0FC0010F78F /* ZQVideoPlayer */ = {
			isa = PBXGroup;
			children = (
				21D3092E21799C0000357794 /* ZQPlayer */,
				21651C9D2080C0FC0010F78F /* AppDelegate.h */,
				21651C9E2080C0FC0010F78F /* AppDelegate.m */,
				21651CA02080C0FC0010F78F /* ViewController.h */,
				21651CA12080C0FC0010F78F /* ViewController.m */,
				21651CA32080C0FC0010F78F /* Main.storyboard */,
				21651CA62080C0FC0010F78F /* Assets.xcassets */,
				21651CA82080C0FC0010F78F /* LaunchScreen.storyboard */,
				21651CAB2080C0FC0010F78F /* Info.plist */,
				21651CAC2080C0FC0010F78F /* main.m */,
			);
			path = ZQVideoPlayer;
			sourceTree = "<group>";
		};
		21D3092E21799C0000357794 /* ZQPlayer */ = {
			isa = PBXGroup;
			children = (
				21D3092F21799C0000357794 /* ZQPlayerImage.bundle */,
				21D3093021799C0000357794 /* ZQPlayer.h */,
				21D3093221799C0000357794 /* ZQPlayer.m */,
				21D3093121799C0000357794 /* ZQPlayerMaskView.h */,
				21D3093321799C0000357794 /* ZQPlayerMaskView.m */,
				21B6ED53217B17BE00304260 /* ZQPlayerLandSpaceViewController.h */,
				21B6ED54217B17BE00304260 /* ZQPlayerLandSpaceViewController.m */,
			);
			name = ZQPlayer;
			path = ../../../ZQPlayer;
			sourceTree = "<group>";
		};
		71C2FCA7874B1507FA3A9CEE /* Frameworks */ = {
			isa = PBXGroup;
			children = (
				22EA8D3502EE7D806BA1EA3D /* libPods-ZQVideoPlayer.a */,
			);
			name = Frameworks;
			sourceTree = "<group>";
		};
/* End PBXGroup section */

/* Begin PBXNativeTarget section */
		21651C992080C0FC0010F78F /* ZQVideoPlayer */ = {
			isa = PBXNativeTarget;
			buildConfigurationList = 21651CB02080C0FC0010F78F /* Build configuration list for PBXNativeTarget "ZQVideoPlayer" */;
			buildPhases = (
				7496F9B09D1E97A708690CC0 /* [CP] Check Pods Manifest.lock */,
				21651C962080C0FC0010F78F /* Sources */,
				21651C972080C0FC0010F78F /* Frameworks */,
				21651C982080C0FC0010F78F /* Resources */,
			);
			buildRules = (
			);
			dependencies = (
			);
			name = ZQVideoPlayer;
			productName = ZQVideoPlayer;
			productReference = 21651C9A2080C0FC0010F78F /* ZQVideoPlayer.app */;
			productType = "com.apple.product-type.application";
		};
/* End PBXNativeTarget section */

/* Begin PBXProject section */
		21651C922080C0FC0010F78F /* Project object */ = {
			isa = PBXProject;
			attributes = {
				LastUpgradeCheck = 0930;
				ORGANIZATIONNAME = wang;
				TargetAttributes = {
					21651C992080C0FC0010F78F = {
						CreatedOnToolsVersion = 9.2;
						ProvisioningStyle = Automatic;
					};
				};
			};
			buildConfigurationList = 21651C952080C0FC0010F78F /* Build configuration list for PBXProject "ZQVideoPlayer" */;
			compatibilityVersion = "Xcode 8.0";
			developmentRegion = en;
			hasScannedForEncodings = 0;
			knownRegions = (
				en,
				Base,
			);
			mainGroup = 21651C912080C0FC0010F78F;
			productRefGroup = 21651C9B2080C0FC0010F78F /* Products */;
			projectDirPath = "";
			projectRoot = "";
			targets = (
				21651C992080C0FC0010F78F /* ZQVideoPlayer */,
			);
		};
/* End PBXProject section */

/* Begin PBXResourcesBuildPhase section */
		21651C982080C0FC0010F78F /* Resources */ = {
			isa = PBXResourcesBuildPhase;
			buildActionMask = 2147483647;
			files = (
				21651CAA2080C0FC0010F78F /* LaunchScreen.storyboard in Resources */,
				21651CA72080C0FC0010F78F /* Assets.xcassets in Resources */,
				21651CA52080C0FC0010F78F /* Main.storyboard in Resources */,
				21D3093421799C0100357794 /* ZQPlayerImage.bundle in Resources */,
			);
			runOnlyForDeploymentPostprocessing = 0;
		};
/* End PBXResourcesBuildPhase section */

/* Begin PBXShellScriptBuildPhase section */
		7496F9B09D1E97A708690CC0 /* [CP] Check Pods Manifest.lock */ = {
			isa = PBXShellScriptBuildPhase;
			buildActionMask = 2147483647;
			files = (
			);
			inputFileListPaths = (
			);
			inputPaths = (
				"${PODS_PODFILE_DIR_PATH}/Podfile.lock",
				"${PODS_ROOT}/Manifest.lock",
			);
			name = "[CP] Check Pods Manifest.lock";
			outputFileListPaths = (
			);
			outputPaths = (
				"$(DERIVED_FILE_DIR)/Pods-ZQVideoPlayer-checkManifestLockResult.txt",
			);
			runOnlyForDeploymentPostprocessing = 0;
			shellPath = /bin/sh;
			shellScript = "diff \"${PODS_PODFILE_DIR_PATH}/Podfile.lock\" \"${PODS_ROOT}/Manifest.lock\" > /dev/null\nif [ $? != 0 ] ; then\n    # print error to STDERR\n    echo \"error: The sandbox is not in sync with the Podfile.lock. Run 'pod install' or update your CocoaPods installation.\" >&2\n    exit 1\nfi\n# This output is used by Xcode 'outputs' to avoid re-running this script phase.\necho \"SUCCESS\" > \"${SCRIPT_OUTPUT_FILE_0}\"\n";
			showEnvVarsInLog = 0;
		};
/* End PBXShellScriptBuildPhase section */

/* Begin PBXSourcesBuildPhase section */
		21651C962080C0FC0010F78F /* Sources */ = {
			isa = PBXSourcesBuildPhase;
			buildActionMask = 2147483647;
			files = (
				21651CA22080C0FC0010F78F /* ViewController.m in Sources */,
				21D3093521799C0100357794 /* ZQPlayer.m in Sources */,
				21D3093621799C0100357794 /* ZQPlayerMaskView.m in Sources */,
				21B6ED55217B17BE00304260 /* ZQPlayerLandSpaceViewController.m in Sources */,
				21651CAD2080C0FC0010F78F /* main.m in Sources */,
				21651C9F2080C0FC0010F78F /* AppDelegate.m in Sources */,
			);
			runOnlyForDeploymentPostprocessing = 0;
		};
/* End PBXSourcesBuildPhase section */

/* Begin PBXVariantGroup section */
		21651CA32080C0FC0010F78F /* Main.storyboard */ = {
			isa = PBXVariantGroup;
			children = (
				21651CA42080C0FC0010F78F /* Base */,
			);
			name = Main.storyboard;
			sourceTree = "<group>";
		};
		21651CA82080C0FC0010F78F /* LaunchScreen.storyboard */ = {
			isa = PBXVariantGroup;
			children = (
				21651CA92080C0FC0010F78F /* Base */,
			);
			name = LaunchScreen.storyboard;
			sourceTree = "<group>";
		};
/* End PBXVariantGroup section */

/* Begin XCBuildConfiguration section */
		21651CAE2080C0FC0010F78F /* Debug */ = {
			isa = XCBuildConfiguration;
			buildSettings = {
				ALWAYS_SEARCH_USER_PATHS = NO;
				CLANG_ANALYZER_NONNULL = YES;
				CLANG_ANALYZER_NUMBER_OBJECT_CONVERSION = YES_AGGRESSIVE;
				CLANG_CXX_LANGUAGE_STANDARD = "gnu++14";
				CLANG_CXX_LIBRARY = "libc++";
				CLANG_ENABLE_MODULES = YES;
				CLANG_ENABLE_OBJC_ARC = YES;
				CLANG_WARN_BLOCK_CAPTURE_AUTORELEASING = YES;
				CLANG_WARN_BOOL_CONVERSION = YES;
				CLANG_WARN_COMMA = YES;
				CLANG_WARN_CONSTANT_CONVERSION = YES;
				CLANG_WARN_DEPRECATED_OBJC_IMPLEMENTATIONS = YES;
				CLANG_WARN_DIRECT_OBJC_ISA_USAGE = YES_ERROR;
				CLANG_WARN_DOCUMENTATION_COMMENTS = YES;
				CLANG_WARN_EMPTY_BODY = YES;
				CLANG_WARN_ENUM_CONVERSION = YES;
				CLANG_WARN_INFINITE_RECURSION = YES;
				CLANG_WARN_INT_CONVERSION = YES;
				CLANG_WARN_NON_LITERAL_NULL_CONVERSION = YES;
				CLANG_WARN_OBJC_IMPLICIT_RETAIN_SELF = YES;
				CLANG_WARN_OBJC_LITERAL_CONVERSION = YES;
				CLANG_WARN_OBJC_ROOT_CLASS = YES_ERROR;
				CLANG_WARN_RANGE_LOOP_ANALYSIS = YES;
				CLANG_WARN_STRICT_PROTOTYPES = YES;
				CLANG_WARN_SUSPICIOUS_MOVE = YES;
				CLANG_WARN_UNGUARDED_AVAILABILITY = YES_AGGRESSIVE;
				CLANG_WARN_UNREACHABLE_CODE = YES;
				CLANG_WARN__DUPLICATE_METHOD_MATCH = YES;
				CODE_SIGN_IDENTITY = "iPhone Developer";
				COPY_PHASE_STRIP = NO;
				DEBUG_INFORMATION_FORMAT = dwarf;
				ENABLE_STRICT_OBJC_MSGSEND = YES;
				ENABLE_TESTABILITY = YES;
				GCC_C_LANGUAGE_STANDARD = gnu11;
				GCC_DYNAMIC_NO_PIC = NO;
				GCC_NO_COMMON_BLOCKS = YES;
				GCC_OPTIMIZATION_LEVEL = 0;
				GCC_PREPROCESSOR_DEFINITIONS = (
					"DEBUG=1",
					"$(inherited)",
				);
				GCC_WARN_64_TO_32_BIT_CONVERSION = YES;
				GCC_WARN_ABOUT_RETURN_TYPE = YES_ERROR;
				GCC_WARN_UNDECLARED_SELECTOR = YES;
				GCC_WARN_UNINITIALIZED_AUTOS = YES_AGGRESSIVE;
				GCC_WARN_UNUSED_FUNCTION = YES;
				GCC_WARN_UNUSED_VARIABLE = YES;
				HEADER_SEARCH_PATHS = "\"$(SRCROOT)/../../ZQPlayer\"";
				IPHONEOS_DEPLOYMENT_TARGET = 8.0;
				MTL_ENABLE_DEBUG_INFO = YES;
				ONLY_ACTIVE_ARCH = YES;
				SDKROOT = iphoneos;
			};
			name = Debug;
		};
		21651CAF2080C0FC0010F78F /* Release */ = {
			isa = XCBuildConfiguration;
			buildSettings = {
				ALWAYS_SEARCH_USER_PATHS = NO;
				CLANG_ANALYZER_NONNULL = YES;
				CLANG_ANALYZER_NUMBER_OBJECT_CONVERSION = YES_AGGRESSIVE;
				CLANG_CXX_LANGUAGE_STANDARD = "gnu++14";
				CLANG_CXX_LIBRARY = "libc++";
				CLANG_ENABLE_MODULES = YES;
				CLANG_ENABLE_OBJC_ARC = YES;
				CLANG_WARN_BLOCK_CAPTURE_AUTORELEASING = YES;
				CLANG_WARN_BOOL_CONVERSION = YES;
				CLANG_WARN_COMMA = YES;
				CLANG_WARN_CONSTANT_CONVERSION = YES;
				CLANG_WARN_DEPRECATED_OBJC_IMPLEMENTATIONS = YES;
				CLANG_WARN_DIRECT_OBJC_ISA_USAGE = YES_ERROR;
				CLANG_WARN_DOCUMENTATION_COMMENTS = YES;
				CLANG_WARN_EMPTY_BODY = YES;
				CLANG_WARN_ENUM_CONVERSION = YES;
				CLANG_WARN_INFINITE_RECURSION = YES;
				CLANG_WARN_INT_CONVERSION = YES;
				CLANG_WARN_NON_LITERAL_NULL_CONVERSION = YES;
				CLANG_WARN_OBJC_IMPLICIT_RETAIN_SELF = YES;
				CLANG_WARN_OBJC_LITERAL_CONVERSION = YES;
				CLANG_WARN_OBJC_ROOT_CLASS = YES_ERROR;
				CLANG_WARN_RANGE_LOOP_ANALYSIS = YES;
				CLANG_WARN_STRICT_PROTOTYPES = YES;
				CLANG_WARN_SUSPICIOUS_MOVE = YES;
				CLANG_WARN_UNGUARDED_AVAILABILITY = YES_AGGRESSIVE;
				CLANG_WARN_UNREACHABLE_CODE = YES;
				CLANG_WARN__DUPLICATE_METHOD_MATCH = YES;
				CODE_SIGN_IDENTITY = "iPhone Developer";
				COPY_PHASE_STRIP = NO;
				DEBUG_INFORMATION_FORMAT = "dwarf-with-dsym";
				ENABLE_NS_ASSERTIONS = NO;
				ENABLE_STRICT_OBJC_MSGSEND = YES;
				GCC_C_LANGUAGE_STANDARD = gnu11;
				GCC_NO_COMMON_BLOCKS = YES;
				GCC_WARN_64_TO_32_BIT_CONVERSION = YES;
				GCC_WARN_ABOUT_RETURN_TYPE = YES_ERROR;
				GCC_WARN_UNDECLARED_SELECTOR = YES;
				GCC_WARN_UNINITIALIZED_AUTOS = YES_AGGRESSIVE;
				GCC_WARN_UNUSED_FUNCTION = YES;
				GCC_WARN_UNUSED_VARIABLE = YES;
				HEADER_SEARCH_PATHS = "\"$(SRCROOT)/../../ZQPlayer\"";
				IPHONEOS_DEPLOYMENT_TARGET = 8.0;
				MTL_ENABLE_DEBUG_INFO = NO;
				SDKROOT = iphoneos;
				VALIDATE_PRODUCT = YES;
			};
			name = Release;
		};
		21651CB12080C0FC0010F78F /* Debug */ = {
			isa = XCBuildConfiguration;
			baseConfigurationReference = 90353161F45405F53BBFCFEC /* Pods-ZQVideoPlayer.debug.xcconfig */;
			buildSettings = {
				ASSETCATALOG_COMPILER_APPICON_NAME = AppIcon;
				CODE_SIGN_IDENTITY = "iPhone Developer";
				CODE_SIGN_STYLE = Automatic;
				DEVELOPMENT_TEAM = 4948K2QF48;
				HEADER_SEARCH_PATHS = (
					"$(inherited)",
					"\"${PODS_ROOT}/Headers/Public\"",
					"\"${PODS_ROOT}/Headers/Public/Masonry\"",
				);
				INFOPLIST_FILE = ZQVideoPlayer/Info.plist;
				LD_RUNPATH_SEARCH_PATHS = "$(inherited) @executable_path/Frameworks";
				PRODUCT_BUNDLE_IDENTIFIER = com.xtyfxl.ZQVideoPlayert;
				PRODUCT_NAME = "$(TARGET_NAME)";
				PROVISIONING_PROFILE_SPECIFIER = "";
				TARGETED_DEVICE_FAMILY = "1,2";
			};
			name = Debug;
		};
		21651CB22080C0FC0010F78F /* Release */ = {
			isa = XCBuildConfiguration;
			baseConfigurationReference = 09551A87A0D635C32FAAF1C7 /* Pods-ZQVideoPlayer.release.xcconfig */;
			buildSettings = {
				ASSETCATALOG_COMPILER_APPICON_NAME = AppIcon;
				CODE_SIGN_IDENTITY = "iPhone Developer";
				CODE_SIGN_STYLE = Automatic;
				DEVELOPMENT_TEAM = 4948K2QF48;
				HEADER_SEARCH_PATHS = (
					"$(inherited)",
					"\"${PODS_ROOT}/Headers/Public\"",
					"\"${PODS_ROOT}/Headers/Public/Masonry\"",
				);
				INFOPLIST_FILE = ZQVideoPlayer/Info.plist;
				LD_RUNPATH_SEARCH_PATHS = "$(inherited) @executable_path/Frameworks";
				PRODUCT_BUNDLE_IDENTIFIER = com.xtyfxl.ZQVideoPlayert;
				PRODUCT_NAME = "$(TARGET_NAME)";
				PROVISIONING_PROFILE_SPECIFIER = "";
				TARGETED_DEVICE_FAMILY = "1,2";
			};
			name = Release;
		};
/* End XCBuildConfiguration section */

/* Begin XCConfigurationList section */
		21651C952080C0FC0010F78F /* Build configuration list for PBXProject "ZQVideoPlayer" */ = {
			isa = XCConfigurationList;
			buildConfigurations = (
				21651CAE2080C0FC0010F78F /* Debug */,
				21651CAF2080C0FC0010F78F /* Release */,
			);
			defaultConfigurationIsVisible = 0;
			defaultConfigurationName = Release;
		};
		21651CB02080C0FC0010F78F /* Build configuration list for PBXNativeTarget "ZQVideoPlayer" */ = {
			isa = XCConfigurationList;
			buildConfigurations = (
				21651CB12080C0FC0010F78F /* Debug */,
				21651CB22080C0FC0010F78F /* Release */,
			);
			defaultConfigurationIsVisible = 0;
			defaultConfigurationName = Release;
		};
/* End XCConfigurationList section */
	};
	rootObject = 21651C922080C0FC0010F78F /* Project object */;
}
